
Microsoft Visual Studio Solution File, Format Version 12.00
# Visual Studio 15
VisualStudioVersion = 15.0.26124.0
MinimumVisualStudioVersion = 15.0.26124.0
Project("{2150E333-8FDC-42A3-9474-1A3956D46DE8}") = "src", "src", "{1DB451A5-1BA9-45D1-8F83-27AFA940E6AE}"
EndProject
Project("{FAE04EC0-301F-11D3-BF4B-00C04F79EFBC}") = "CommandAPI", "src\CommandAPI\CommandAPI.csproj", "{372BE6E9-1C79-425D-AFF5-76ED7E935B90}"
EndProject
Project("{2150E333-8FDC-42A3-9474-1A3956D46DE8}") = "test", "test", "{FA29E694-B2AD-4E6E-9E8C-E274B2247560}"
EndProject
Project("{FAE04EC0-301F-11D3-BF4B-00C04F79EFBC}") = "CommandAPI.Tests", "test\CommandAPI.Tests\CommandAPI.Tests.csproj", "{9114D7C3-CB5F-424D-8D7E-B2DB281E9142}"
EndProject
Global
	GlobalSection(SolutionConfigurationPlatforms) = preSolution
		Debug|Any CPU = Debug|Any CPU
		Debug|x64 = Debug|x64
		Debug|x86 = Debug|x86
		Release|Any CPU = Release|Any CPU
		Release|x64 = Release|x64
		Release|x86 = Release|x86
	EndGlobalSection
	GlobalSection(SolutionProperties) = preSolution
		HideSolutionNode = FALSE
	EndGlobalSection
	GlobalSection(ProjectConfigurationPlatforms) = postSolution
		{372BE6E9-1C79-425D-AFF5-76ED7E935B90}.Debug|Any CPU.ActiveCfg = Debug|Any CPU
		{372BE6E9-1C79-425D-AFF5-76ED7E935B90}.Debug|Any CPU.Build.0 = Debug|Any CPU
		{372BE6E9-1C79-425D-AFF5-76ED7E935B90}.Debug|x64.ActiveCfg = Debug|Any CPU
		{372BE6E9-1C79-425D-AFF5-76ED7E935B90}.Debug|x64.Build.0 = Debug|Any CPU
		{372BE6E9-1C79-425D-AFF5-76ED7E935B90}.Debug|x86.ActiveCfg = Debug|Any CPU
		{372BE6E9-1C79-425D-AFF5-76ED7E935B90}.Debug|x86.Build.0 = Debug|Any CPU
		{372BE6E9-1C79-425D-AFF5-76ED7E935B90}.Release|Any CPU.ActiveCfg = Release|Any CPU
		{372BE6E9-1C79-425D-AFF5-76ED7E935B90}.Release|Any CPU.Build.0 = Release|Any CPU
		{372BE6E9-1C79-425D-AFF5-76ED7E935B90}.Release|x64.ActiveCfg = Release|Any CPU
		{372BE6E9-1C79-425D-AFF5-76ED7E935B90}.Release|x64.Build.0 = Release|Any CPU
		{372BE6E9-1C79-425D-AFF5-76ED7E935B90}.Release|x86.ActiveCfg = Release|Any CPU
		{372BE6E9-1C79-425D-AFF5-76ED7E935B90}.Release|x86.Build.0 = Release|Any CPU
		{9114D7C3-CB5F-424D-8D7E-B2DB281E9142}.Debug|Any CPU.ActiveCfg = Debug|Any CPU
		{9114D7C3-CB5F-424D-8D7E-B2DB281E9142}.Debug|Any CPU.Build.0 = Debug|Any CPU
		{9114D7C3-CB5F-424D-8D7E-B2DB281E9142}.Debug|x64.ActiveCfg = Debug|Any CPU
		{9114D7C3-CB5F-424D-8D7E-B2DB281E9142}.Debug|x64.Build.0 = Debug|Any CPU
		{9114D7C3-CB5F-424D-8D7E-B2DB281E9142}.Debug|x86.ActiveCfg = Debug|Any CPU
		{9114D7C3-CB5F-424D-8D7E-B2DB281E9142}.Debug|x86.Build.0 = Debug|Any CPU
		{9114D7C3-CB5F-424D-8D7E-B2DB281E9142}.Release|Any CPU.ActiveCfg = Release|Any CPU
		{9114D7C3-CB5F-424D-8D7E-B2DB281E9142}.Release|Any CPU.Build.0 = Release|Any CPU
		{9114D7C3-CB5F-424D-8D7E-B2DB281E9142}.Release|x64.ActiveCfg = Release|Any CPU
		{9114D7C3-CB5F-424D-8D7E-B2DB281E9142}.Release|x64.Build.0 = Release|Any CPU
		{9114D7C3-CB5F-424D-8D7E-B2DB281E9142}.Release|x86.ActiveCfg = Release|Any CPU
		{9114D7C3-CB5F-424D-8D7E-B2DB281E9142}.Release|x86.Build.0 = Release|Any CPU
	EndGlobalSection
	GlobalSection(NestedProjects) = preSolution
		{372BE6E9-1C79-425D-AFF5-76ED7E935B90} = {1DB451A5-1BA9-45D1-8F83-27AFA940E6AE}
		{9114D7C3-CB5F-424D-8D7E-B2DB281E9142} = {FA29E694-B2AD-4E6E-9E8C-E274B2247560}
	EndGlobalSection
EndGlobal
